// !$*UTF8*$!
{
	archiveVersion = 1;
	classes = {
	};
	objectVersion = 52;
	objects = {

/* Begin PBXBuildFile section */
		BE6403B824F6B71500D0C98D /* ExperimentPackage in Frameworks */ = {isa = PBXBuildFile; productRef = BE6403B724F6B71500D0C98D /* ExperimentPackage */; };
		BEC1519224F6B57000CCDF50 /* SPMWatchExperimentApp.swift in Sources */ = {isa = PBXBuildFile; fileRef = BEC1519124F6B57000CCDF50 /* SPMWatchExperimentApp.swift */; };
		BEC1519424F6B57000CCDF50 /* ContentView.swift in Sources */ = {isa = PBXBuildFile; fileRef = BEC1519324F6B57000CCDF50 /* ContentView.swift */; };
		BEC1519624F6B57300CCDF50 /* Assets.xcassets in Resources */ = {isa = PBXBuildFile; fileRef = BEC1519524F6B57300CCDF50 /* Assets.xcassets */; };
		BEC1519924F6B57300CCDF50 /* Preview Assets.xcassets in Resources */ = {isa = PBXBuildFile; fileRef = BEC1519824F6B57300CCDF50 /* Preview Assets.xcassets */; };
		BEC151A424F6B57300CCDF50 /* SPMWatchExperimentTests.swift in Sources */ = {isa = PBXBuildFile; fileRef = BEC151A324F6B57300CCDF50 /* SPMWatchExperimentTests.swift */; };
		BEC151AF24F6B57300CCDF50 /* SPMWatchExperimentUITests.swift in Sources */ = {isa = PBXBuildFile; fileRef = BEC151AE24F6B57300CCDF50 /* SPMWatchExperimentUITests.swift */; };
		BEC151BF24F6B62E00CCDF50 /* ExperimentPackage in Frameworks */ = {isa = PBXBuildFile; productRef = BEC151BE24F6B62E00CCDF50 /* ExperimentPackage */; };
		BEC151C624F6B68800CCDF50 /* WatchApp WatchKit App.app in Embed Watch Content */ = {isa = PBXBuildFile; fileRef = BEC151C524F6B68800CCDF50 /* WatchApp WatchKit App.app */; settings = {ATTRIBUTES = (RemoveHeadersOnCopy, ); }; };
		BEC151CB24F6B68B00CCDF50 /* Assets.xcassets in Resources */ = {isa = PBXBuildFile; fileRef = BEC151CA24F6B68B00CCDF50 /* Assets.xcassets */; };
		BEC151D224F6B68C00CCDF50 /* WatchApp WatchKit Extension.appex in Embed App Extensions */ = {isa = PBXBuildFile; fileRef = BEC151D124F6B68C00CCDF50 /* WatchApp WatchKit Extension.appex */; settings = {ATTRIBUTES = (RemoveHeadersOnCopy, ); }; };
		BEC151D724F6B68C00CCDF50 /* ContentView.swift in Sources */ = {isa = PBXBuildFile; fileRef = BEC151D624F6B68C00CCDF50 /* ContentView.swift */; };
		BEC151D924F6B68C00CCDF50 /* SPMWatchExperimentApp.swift in Sources */ = {isa = PBXBuildFile; fileRef = BEC151D824F6B68C00CCDF50 /* SPMWatchExperimentApp.swift */; };
		BEC151DB24F6B68C00CCDF50 /* ComplicationController.swift in Sources */ = {isa = PBXBuildFile; fileRef = BEC151DA24F6B68C00CCDF50 /* ComplicationController.swift */; };
		BEC151DD24F6B68D00CCDF50 /* Assets.xcassets in Resources */ = {isa = PBXBuildFile; fileRef = BEC151DC24F6B68D00CCDF50 /* Assets.xcassets */; };
		BEC151E024F6B68D00CCDF50 /* Preview Assets.xcassets in Resources */ = {isa = PBXBuildFile; fileRef = BEC151DF24F6B68D00CCDF50 /* Preview Assets.xcassets */; };
/* End PBXBuildFile section */

/* Begin PBXContainerItemProxy section */
		BEC151A024F6B57300CCDF50 /* PBXContainerItemProxy */ = {
			isa = PBXContainerItemProxy;
			containerPortal = BEC1518624F6B57000CCDF50 /* Project object */;
			proxyType = 1;
			remoteGlobalIDString = BEC1518D24F6B57000CCDF50;
			remoteInfo = SPMWatchExperiment;
		};
		BEC151AB24F6B57300CCDF50 /* PBXContainerItemProxy */ = {
			isa = PBXContainerItemProxy;
			containerPortal = BEC1518624F6B57000CCDF50 /* Project object */;
			proxyType = 1;
			remoteGlobalIDString = BEC1518D24F6B57000CCDF50;
			remoteInfo = SPMWatchExperiment;
		};
		BEC151C724F6B68800CCDF50 /* PBXContainerItemProxy */ = {
			isa = PBXContainerItemProxy;
			containerPortal = BEC1518624F6B57000CCDF50 /* Project object */;
			proxyType = 1;
			remoteGlobalIDString = BEC151C424F6B68800CCDF50;
			remoteInfo = "WatchApp WatchKit App";
		};
		BEC151D324F6B68C00CCDF50 /* PBXContainerItemProxy */ = {
			isa = PBXContainerItemProxy;
			containerPortal = BEC1518624F6B57000CCDF50 /* Project object */;
			proxyType = 1;
			remoteGlobalIDString = BEC151D024F6B68C00CCDF50;
			remoteInfo = "WatchApp WatchKit Extension";
		};
/* End PBXContainerItemProxy section */

/* Begin PBXCopyFilesBuildPhase section */
		BEC151E524F6B68D00CCDF50 /* Embed App Extensions */ = {
			isa = PBXCopyFilesBuildPhase;
			buildActionMask = 2147483647;
			dstPath = "";
			dstSubfolderSpec = 13;
			files = (
				BEC151D224F6B68C00CCDF50 /* WatchApp WatchKit Extension.appex in Embed App Extensions */,
			);
			name = "Embed App Extensions";
			runOnlyForDeploymentPostprocessing = 0;
		};
		BEC151E924F6B68D00CCDF50 /* Embed Watch Content */ = {
			isa = PBXCopyFilesBuildPhase;
			buildActionMask = 2147483647;
			dstPath = "$(CONTENTS_FOLDER_PATH)/Watch";
			dstSubfolderSpec = 16;
			files = (
				BEC151C624F6B68800CCDF50 /* WatchApp WatchKit App.app in Embed Watch Content */,
			);
			name = "Embed Watch Content";
			runOnlyForDeploymentPostprocessing = 0;
		};
/* End PBXCopyFilesBuildPhase section */

/* Begin PBXFileReference section */
		BEC1518E24F6B57000CCDF50 /* SPMWatchExperiment.app */ = {isa = PBXFileReference; explicitFileType = wrapper.application; includeInIndex = 0; path = SPMWatchExperiment.app; sourceTree = BUILT_PRODUCTS_DIR; };
		BEC1519124F6B57000CCDF50 /* SPMWatchExperimentApp.swift */ = {isa = PBXFileReference; lastKnownFileType = sourcecode.swift; path = SPMWatchExperimentApp.swift; sourceTree = "<group>"; };
		BEC1519324F6B57000CCDF50 /* ContentView.swift */ = {isa = PBXFileReference; lastKnownFileType = sourcecode.swift; path = ContentView.swift; sourceTree = "<group>"; };
		BEC1519524F6B57300CCDF50 /* Assets.xcassets */ = {isa = PBXFileReference; lastKnownFileType = folder.assetcatalog; path = Assets.xcassets; sourceTree = "<group>"; };
		BEC1519824F6B57300CCDF50 /* Preview Assets.xcassets */ = {isa = PBXFileReference; lastKnownFileType = folder.assetcatalog; path = "Preview Assets.xcassets"; sourceTree = "<group>"; };
		BEC1519A24F6B57300CCDF50 /* Info.plist */ = {isa = PBXFileReference; lastKnownFileType = text.plist.xml; path = Info.plist; sourceTree = "<group>"; };
		BEC1519F24F6B57300CCDF50 /* SPMWatchExperimentTests.xctest */ = {isa = PBXFileReference; explicitFileType = wrapper.cfbundle; includeInIndex = 0; path = SPMWatchExperimentTests.xctest; sourceTree = BUILT_PRODUCTS_DIR; };
		BEC151A324F6B57300CCDF50 /* SPMWatchExperimentTests.swift */ = {isa = PBXFileReference; lastKnownFileType = sourcecode.swift; path = SPMWatchExperimentTests.swift; sourceTree = "<group>"; };
		BEC151A524F6B57300CCDF50 /* Info.plist */ = {isa = PBXFileReference; lastKnownFileType = text.plist.xml; path = Info.plist; sourceTree = "<group>"; };
		BEC151AA24F6B57300CCDF50 /* SPMWatchExperimentUITests.xctest */ = {isa = PBXFileReference; explicitFileType = wrapper.cfbundle; includeInIndex = 0; path = SPMWatchExperimentUITests.xctest; sourceTree = BUILT_PRODUCTS_DIR; };
		BEC151AE24F6B57300CCDF50 /* SPMWatchExperimentUITests.swift */ = {isa = PBXFileReference; lastKnownFileType = sourcecode.swift; path = SPMWatchExperimentUITests.swift; sourceTree = "<group>"; };
		BEC151B024F6B57300CCDF50 /* Info.plist */ = {isa = PBXFileReference; lastKnownFileType = text.plist.xml; path = Info.plist; sourceTree = "<group>"; };
		BEC151BC24F6B5BC00CCDF50 /* ExperimentPackage */ = {isa = PBXFileReference; lastKnownFileType = folder; name = ExperimentPackage; path = SPMWatchExperimentUITests/ExperimentPackage; sourceTree = "<group>"; };
		BEC151C224F6B68800CCDF50 /* WatchApp.app */ = {isa = PBXFileReference; explicitFileType = wrapper.application; includeInIndex = 0; path = WatchApp.app; sourceTree = BUILT_PRODUCTS_DIR; };
		BEC151C524F6B68800CCDF50 /* WatchApp WatchKit App.app */ = {isa = PBXFileReference; explicitFileType = wrapper.application; includeInIndex = 0; path = "WatchApp WatchKit App.app"; sourceTree = BUILT_PRODUCTS_DIR; };
		BEC151CA24F6B68B00CCDF50 /* Assets.xcassets */ = {isa = PBXFileReference; lastKnownFileType = folder.assetcatalog; path = Assets.xcassets; sourceTree = "<group>"; };
		BEC151CC24F6B68B00CCDF50 /* Info.plist */ = {isa = PBXFileReference; lastKnownFileType = text.plist.xml; path = Info.plist; sourceTree = "<group>"; };
		BEC151D124F6B68C00CCDF50 /* WatchApp WatchKit Extension.appex */ = {isa = PBXFileReference; explicitFileType = "wrapper.app-extension"; includeInIndex = 0; path = "WatchApp WatchKit Extension.appex"; sourceTree = BUILT_PRODUCTS_DIR; };
		BEC151D624F6B68C00CCDF50 /* ContentView.swift */ = {isa = PBXFileReference; lastKnownFileType = sourcecode.swift; path = ContentView.swift; sourceTree = "<group>"; };
		BEC151D824F6B68C00CCDF50 /* SPMWatchExperimentApp.swift */ = {isa = PBXFileReference; lastKnownFileType = sourcecode.swift; path = SPMWatchExperimentApp.swift; sourceTree = "<group>"; };
		BEC151DA24F6B68C00CCDF50 /* ComplicationController.swift */ = {isa = PBXFileReference; lastKnownFileType = sourcecode.swift; path = ComplicationController.swift; sourceTree = "<group>"; };
		BEC151DC24F6B68D00CCDF50 /* Assets.xcassets */ = {isa = PBXFileReference; lastKnownFileType = folder.assetcatalog; path = Assets.xcassets; sourceTree = "<group>"; };
		BEC151DF24F6B68D00CCDF50 /* Preview Assets.xcassets */ = {isa = PBXFileReference; lastKnownFileType = folder.assetcatalog; path = "Preview Assets.xcassets"; sourceTree = "<group>"; };
		BEC151E124F6B68D00CCDF50 /* Info.plist */ = {isa = PBXFileReference; lastKnownFileType = text.plist.xml; path = Info.plist; sourceTree = "<group>"; };
/* End PBXFileReference section */

/* Begin PBXFrameworksBuildPhase section */
		BEC1518B24F6B57000CCDF50 /* Frameworks */ = {
			isa = PBXFrameworksBuildPhase;
			buildActionMask = 2147483647;
			files = (
				BEC151BF24F6B62E00CCDF50 /* ExperimentPackage in Frameworks */,
			);
			runOnlyForDeploymentPostprocessing = 0;
		};
		BEC1519C24F6B57300CCDF50 /* Frameworks */ = {
			isa = PBXFrameworksBuildPhase;
			buildActionMask = 2147483647;
			files = (
			);
			runOnlyForDeploymentPostprocessing = 0;
		};
		BEC151A724F6B57300CCDF50 /* Frameworks */ = {
			isa = PBXFrameworksBuildPhase;
			buildActionMask = 2147483647;
			files = (
			);
			runOnlyForDeploymentPostprocessing = 0;
		};
		BEC151CE24F6B68C00CCDF50 /* Frameworks */ = {
			isa = PBXFrameworksBuildPhase;
			buildActionMask = 2147483647;
			files = (
				BE6403B824F6B71500D0C98D /* ExperimentPackage in Frameworks */,
			);
			runOnlyForDeploymentPostprocessing = 0;
		};
/* End PBXFrameworksBuildPhase section */

/* Begin PBXGroup section */
		BEC1518524F6B57000CCDF50 = {
			isa = PBXGroup;
			children = (
				BEC151BC24F6B5BC00CCDF50 /* ExperimentPackage */,
				BEC1519024F6B57000CCDF50 /* SPMWatchExperiment */,
				BEC151A224F6B57300CCDF50 /* SPMWatchExperimentTests */,
				BEC151AD24F6B57300CCDF50 /* SPMWatchExperimentUITests */,
				BEC151C924F6B68800CCDF50 /* WatchApp WatchKit App */,
				BEC151D524F6B68C00CCDF50 /* WatchApp WatchKit Extension */,
				BEC1518F24F6B57000CCDF50 /* Products */,
				BEC151BD24F6B62E00CCDF50 /* Frameworks */,
			);
			sourceTree = "<group>";
		};
		BEC1518F24F6B57000CCDF50 /* Products */ = {
			isa = PBXGroup;
			children = (
				BEC1518E24F6B57000CCDF50 /* SPMWatchExperiment.app */,
				BEC1519F24F6B57300CCDF50 /* SPMWatchExperimentTests.xctest */,
				BEC151AA24F6B57300CCDF50 /* SPMWatchExperimentUITests.xctest */,
				BEC151C224F6B68800CCDF50 /* WatchApp.app */,
				BEC151C524F6B68800CCDF50 /* WatchApp WatchKit App.app */,
				BEC151D124F6B68C00CCDF50 /* WatchApp WatchKit Extension.appex */,
			);
			name = Products;
			sourceTree = "<group>";
		};
		BEC1519024F6B57000CCDF50 /* SPMWatchExperiment */ = {
			isa = PBXGroup;
			children = (
				BEC1519124F6B57000CCDF50 /* SPMWatchExperimentApp.swift */,
				BEC1519324F6B57000CCDF50 /* ContentView.swift */,
				BEC1519524F6B57300CCDF50 /* Assets.xcassets */,
				BEC1519A24F6B57300CCDF50 /* Info.plist */,
				BEC1519724F6B57300CCDF50 /* Preview Content */,
			);
			path = SPMWatchExperiment;
			sourceTree = "<group>";
		};
		BEC1519724F6B57300CCDF50 /* Preview Content */ = {
			isa = PBXGroup;
			children = (
				BEC1519824F6B57300CCDF50 /* Preview Assets.xcassets */,
			);
			path = "Preview Content";
			sourceTree = "<group>";
		};
		BEC151A224F6B57300CCDF50 /* SPMWatchExperimentTests */ = {
			isa = PBXGroup;
			children = (
				BEC151A324F6B57300CCDF50 /* SPMWatchExperimentTests.swift */,
				BEC151A524F6B57300CCDF50 /* Info.plist */,
			);
			path = SPMWatchExperimentTests;
			sourceTree = "<group>";
		};
		BEC151AD24F6B57300CCDF50 /* SPMWatchExperimentUITests */ = {
			isa = PBXGroup;
			children = (
				BEC151AE24F6B57300CCDF50 /* SPMWatchExperimentUITests.swift */,
				BEC151B024F6B57300CCDF50 /* Info.plist */,
			);
			path = SPMWatchExperimentUITests;
			sourceTree = "<group>";
		};
		BEC151BD24F6B62E00CCDF50 /* Frameworks */ = {
			isa = PBXGroup;
			children = (
			);
			name = Frameworks;
			sourceTree = "<group>";
		};
		BEC151C924F6B68800CCDF50 /* WatchApp WatchKit App */ = {
			isa = PBXGroup;
			children = (
				BEC151CA24F6B68B00CCDF50 /* Assets.xcassets */,
				BEC151CC24F6B68B00CCDF50 /* Info.plist */,
			);
			path = "WatchApp WatchKit App";
			sourceTree = "<group>";
		};
		BEC151D524F6B68C00CCDF50 /* WatchApp WatchKit Extension */ = {
			isa = PBXGroup;
			children = (
				BEC151D624F6B68C00CCDF50 /* ContentView.swift */,
				BEC151D824F6B68C00CCDF50 /* SPMWatchExperimentApp.swift */,
				BEC151DA24F6B68C00CCDF50 /* ComplicationController.swift */,
				BEC151DC24F6B68D00CCDF50 /* Assets.xcassets */,
				BEC151E124F6B68D00CCDF50 /* Info.plist */,
				BEC151DE24F6B68D00CCDF50 /* Preview Content */,
			);
			path = "WatchApp WatchKit Extension";
			sourceTree = "<group>";
		};
		BEC151DE24F6B68D00CCDF50 /* Preview Content */ = {
			isa = PBXGroup;
			children = (
				BEC151DF24F6B68D00CCDF50 /* Preview Assets.xcassets */,
			);
			path = "Preview Content";
			sourceTree = "<group>";
		};
/* End PBXGroup section */

/* Begin PBXNativeTarget section */
		BEC1518D24F6B57000CCDF50 /* SPMWatchExperiment */ = {
			isa = PBXNativeTarget;
			buildConfigurationList = BEC151B324F6B57300CCDF50 /* Build configuration list for PBXNativeTarget "SPMWatchExperiment" */;
			buildPhases = (
				BEC1518A24F6B57000CCDF50 /* Sources */,
				BEC1518B24F6B57000CCDF50 /* Frameworks */,
				BEC1518C24F6B57000CCDF50 /* Resources */,
			);
			buildRules = (
			);
			dependencies = (
			);
			name = SPMWatchExperiment;
			packageProductDependencies = (
				BEC151BE24F6B62E00CCDF50 /* ExperimentPackage */,
			);
			productName = SPMWatchExperiment;
			productReference = BEC1518E24F6B57000CCDF50 /* SPMWatchExperiment.app */;
			productType = "com.apple.product-type.application";
		};
		BEC1519E24F6B57300CCDF50 /* SPMWatchExperimentTests */ = {
			isa = PBXNativeTarget;
			buildConfigurationList = BEC151B624F6B57300CCDF50 /* Build configuration list for PBXNativeTarget "SPMWatchExperimentTests" */;
			buildPhases = (
				BEC1519B24F6B57300CCDF50 /* Sources */,
				BEC1519C24F6B57300CCDF50 /* Frameworks */,
				BEC1519D24F6B57300CCDF50 /* Resources */,
			);
			buildRules = (
			);
			dependencies = (
				BEC151A124F6B57300CCDF50 /* PBXTargetDependency */,
			);
			name = SPMWatchExperimentTests;
			productName = SPMWatchExperimentTests;
			productReference = BEC1519F24F6B57300CCDF50 /* SPMWatchExperimentTests.xctest */;
			productType = "com.apple.product-type.bundle.unit-test";
		};
		BEC151A924F6B57300CCDF50 /* SPMWatchExperimentUITests */ = {
			isa = PBXNativeTarget;
			buildConfigurationList = BEC151B924F6B57300CCDF50 /* Build configuration list for PBXNativeTarget "SPMWatchExperimentUITests" */;
			buildPhases = (
				BEC151A624F6B57300CCDF50 /* Sources */,
				BEC151A724F6B57300CCDF50 /* Frameworks */,
				BEC151A824F6B57300CCDF50 /* Resources */,
			);
			buildRules = (
			);
			dependencies = (
				BEC151AC24F6B57300CCDF50 /* PBXTargetDependency */,
			);
			name = SPMWatchExperimentUITests;
			productName = SPMWatchExperimentUITests;
			productReference = BEC151AA24F6B57300CCDF50 /* SPMWatchExperimentUITests.xctest */;
			productType = "com.apple.product-type.bundle.ui-testing";
		};
		BEC151C124F6B68700CCDF50 /* WatchApp */ = {
			isa = PBXNativeTarget;
			buildConfigurationList = BEC151EA24F6B68D00CCDF50 /* Build configuration list for PBXNativeTarget "WatchApp" */;
			buildPhases = (
				BEC151C024F6B68700CCDF50 /* Resources */,
				BEC151E924F6B68D00CCDF50 /* Embed Watch Content */,
			);
			buildRules = (
			);
			dependencies = (
				BEC151C824F6B68800CCDF50 /* PBXTargetDependency */,
			);
			name = WatchApp;
			productName = WatchApp;
			productReference = BEC151C224F6B68800CCDF50 /* WatchApp.app */;
			productType = "com.apple.product-type.application.watchapp2-container";
		};
		BEC151C424F6B68800CCDF50 /* WatchApp WatchKit App */ = {
			isa = PBXNativeTarget;
			buildConfigurationList = BEC151E624F6B68D00CCDF50 /* Build configuration list for PBXNativeTarget "WatchApp WatchKit App" */;
			buildPhases = (
				BEC151C324F6B68800CCDF50 /* Resources */,
				BEC151E524F6B68D00CCDF50 /* Embed App Extensions */,
			);
			buildRules = (
			);
			dependencies = (
				BEC151D424F6B68C00CCDF50 /* PBXTargetDependency */,
			);
			name = "WatchApp WatchKit App";
			productName = "WatchApp WatchKit App";
			productReference = BEC151C524F6B68800CCDF50 /* WatchApp WatchKit App.app */;
			productType = "com.apple.product-type.application.watchapp2";
		};
		BEC151D024F6B68C00CCDF50 /* WatchApp WatchKit Extension */ = {
			isa = PBXNativeTarget;
			buildConfigurationList = BEC151E224F6B68D00CCDF50 /* Build configuration list for PBXNativeTarget "WatchApp WatchKit Extension" */;
			buildPhases = (
				BEC151CD24F6B68C00CCDF50 /* Sources */,
				BEC151CE24F6B68C00CCDF50 /* Frameworks */,
				BEC151CF24F6B68C00CCDF50 /* Resources */,
			);
			buildRules = (
			);
			dependencies = (
			);
			name = "WatchApp WatchKit Extension";
			packageProductDependencies = (
				BE6403B724F6B71500D0C98D /* ExperimentPackage */,
			);
			productName = "WatchApp WatchKit Extension";
			productReference = BEC151D124F6B68C00CCDF50 /* WatchApp WatchKit Extension.appex */;
			productType = "com.apple.product-type.watchkit2-extension";
		};
/* End PBXNativeTarget section */

/* Begin PBXProject section */
		BEC1518624F6B57000CCDF50 /* Project object */ = {
			isa = PBXProject;
			attributes = {
				LastSwiftUpdateCheck = 1200;
				LastUpgradeCheck = 1200;
				TargetAttributes = {
					BEC1518D24F6B57000CCDF50 = {
						CreatedOnToolsVersion = 12.0;
					};
					BEC1519E24F6B57300CCDF50 = {
						CreatedOnToolsVersion = 12.0;
						TestTargetID = BEC1518D24F6B57000CCDF50;
					};
					BEC151A924F6B57300CCDF50 = {
						CreatedOnToolsVersion = 12.0;
						TestTargetID = BEC1518D24F6B57000CCDF50;
					};
					BEC151C124F6B68700CCDF50 = {
						CreatedOnToolsVersion = 12.0;
					};
					BEC151C424F6B68800CCDF50 = {
						CreatedOnToolsVersion = 12.0;
					};
					BEC151D024F6B68C00CCDF50 = {
						CreatedOnToolsVersion = 12.0;
					};
				};
			};
			buildConfigurationList = BEC1518924F6B57000CCDF50 /* Build configuration list for PBXProject "SPMWatchExperiment" */;
			compatibilityVersion = "Xcode 9.3";
			developmentRegion = en;
			hasScannedForEncodings = 0;
			knownRegions = (
				en,
				Base,
			);
			mainGroup = BEC1518524F6B57000CCDF50;
			productRefGroup = BEC1518F24F6B57000CCDF50 /* Products */;
			projectDirPath = "";
			projectRoot = "";
			targets = (
				BEC1518D24F6B57000CCDF50 /* SPMWatchExperiment */,
				BEC1519E24F6B57300CCDF50 /* SPMWatchExperimentTests */,
				BEC151A924F6B57300CCDF50 /* SPMWatchExperimentUITests */,
				BEC151C124F6B68700CCDF50 /* WatchApp */,
				BEC151C424F6B68800CCDF50 /* WatchApp WatchKit App */,
				BEC151D024F6B68C00CCDF50 /* WatchApp WatchKit Extension */,
			);
		};
/* End PBXProject section */

/* Begin PBXResourcesBuildPhase section */
		BEC1518C24F6B57000CCDF50 /* Resources */ = {
			isa = PBXResourcesBuildPhase;
			buildActionMask = 2147483647;
			files = (
				BEC1519924F6B57300CCDF50 /* Preview Assets.xcassets in Resources */,
				BEC1519624F6B57300CCDF50 /* Assets.xcassets in Resources */,
			);
			runOnlyForDeploymentPostprocessing = 0;
		};
		BEC1519D24F6B57300CCDF50 /* Resources */ = {
			isa = PBXResourcesBuildPhase;
			buildActionMask = 2147483647;
			files = (
			);
			runOnlyForDeploymentPostprocessing = 0;
		};
		BEC151A824F6B57300CCDF50 /* Resources */ = {
			isa = PBXResourcesBuildPhase;
			buildActionMask = 2147483647;
			files = (
			);
			runOnlyForDeploymentPostprocessing = 0;
		};
		BEC151C024F6B68700CCDF50 /* Resources */ = {
			isa = PBXResourcesBuildPhase;
			buildActionMask = 2147483647;
			files = (
			);
			runOnlyForDeploymentPostprocessing = 0;
		};
		BEC151C324F6B68800CCDF50 /* Resources */ = {
			isa = PBXResourcesBuildPhase;
			buildActionMask = 2147483647;
			files = (
				BEC151CB24F6B68B00CCDF50 /* Assets.xcassets in Resources */,
			);
			runOnlyForDeploymentPostprocessing = 0;
		};
		BEC151CF24F6B68C00CCDF50 /* Resources */ = {
			isa = PBXResourcesBuildPhase;
			buildActionMask = 2147483647;
			files = (
				BEC151E024F6B68D00CCDF50 /* Preview Assets.xcassets in Resources */,
				BEC151DD24F6B68D00CCDF50 /* Assets.xcassets in Resources */,
			);
			runOnlyForDeploymentPostprocessing = 0;
		};
/* End PBXResourcesBuildPhase section */

/* Begin PBXSourcesBuildPhase section */
		BEC1518A24F6B57000CCDF50 /* Sources */ = {
			isa = PBXSourcesBuildPhase;
			buildActionMask = 2147483647;
			files = (
				BEC1519424F6B57000CCDF50 /* ContentView.swift in Sources */,
				BEC1519224F6B57000CCDF50 /* SPMWatchExperimentApp.swift in Sources */,
			);
			runOnlyForDeploymentPostprocessing = 0;
		};
		BEC1519B24F6B57300CCDF50 /* Sources */ = {
			isa = PBXSourcesBuildPhase;
			buildActionMask = 2147483647;
			files = (
				BEC151A424F6B57300CCDF50 /* SPMWatchExperimentTests.swift in Sources */,
			);
			runOnlyForDeploymentPostprocessing = 0;
		};
		BEC151A624F6B57300CCDF50 /* Sources */ = {
			isa = PBXSourcesBuildPhase;
			buildActionMask = 2147483647;
			files = (
				BEC151AF24F6B57300CCDF50 /* SPMWatchExperimentUITests.swift in Sources */,
			);
			runOnlyForDeploymentPostprocessing = 0;
		};
		BEC151CD24F6B68C00CCDF50 /* Sources */ = {
			isa = PBXSourcesBuildPhase;
			buildActionMask = 2147483647;
			files = (
				BEC151D724F6B68C00CCDF50 /* ContentView.swift in Sources */,
				BEC151D924F6B68C00CCDF50 /* SPMWatchExperimentApp.swift in Sources */,
				BEC151DB24F6B68C00CCDF50 /* ComplicationController.swift in Sources */,
			);
			runOnlyForDeploymentPostprocessing = 0;
		};
/* End PBXSourcesBuildPhase section */

/* Begin PBXTargetDependency section */
		BEC151A124F6B57300CCDF50 /* PBXTargetDependency */ = {
			isa = PBXTargetDependency;
			target = BEC1518D24F6B57000CCDF50 /* SPMWatchExperiment */;
			targetProxy = BEC151A024F6B57300CCDF50 /* PBXContainerItemProxy */;
		};
		BEC151AC24F6B57300CCDF50 /* PBXTargetDependency */ = {
			isa = PBXTargetDependency;
			target = BEC1518D24F6B57000CCDF50 /* SPMWatchExperiment */;
			targetProxy = BEC151AB24F6B57300CCDF50 /* PBXContainerItemProxy */;
		};
		BEC151C824F6B68800CCDF50 /* PBXTargetDependency */ = {
			isa = PBXTargetDependency;
			target = BEC151C424F6B68800CCDF50 /* WatchApp WatchKit App */;
			targetProxy = BEC151C724F6B68800CCDF50 /* PBXContainerItemProxy */;
		};
		BEC151D424F6B68C00CCDF50 /* PBXTargetDependency */ = {
			isa = PBXTargetDependency;
			target = BEC151D024F6B68C00CCDF50 /* WatchApp WatchKit Extension */;
			targetProxy = BEC151D324F6B68C00CCDF50 /* PBXContainerItemProxy */;
		};
/* End PBXTargetDependency section */

/* Begin XCBuildConfiguration section */
		BEC151B124F6B57300CCDF50 /* Debug */ = {
			isa = XCBuildConfiguration;
			buildSettings = {
				ALWAYS_SEARCH_USER_PATHS = NO;
				CLANG_ANALYZER_NONNULL = YES;
				CLANG_ANALYZER_NUMBER_OBJECT_CONVERSION = YES_AGGRESSIVE;
				CLANG_CXX_LANGUAGE_STANDARD = "gnu++14";
				CLANG_CXX_LIBRARY = "libc++";
				CLANG_ENABLE_MODULES = YES;
				CLANG_ENABLE_OBJC_ARC = YES;
				CLANG_ENABLE_OBJC_WEAK = YES;
				CLANG_WARN_BLOCK_CAPTURE_AUTORELEASING = YES;
				CLANG_WARN_BOOL_CONVERSION = YES;
				CLANG_WARN_COMMA = YES;
				CLANG_WARN_CONSTANT_CONVERSION = YES;
				CLANG_WARN_DEPRECATED_OBJC_IMPLEMENTATIONS = YES;
				CLANG_WARN_DIRECT_OBJC_ISA_USAGE = YES_ERROR;
				CLANG_WARN_DOCUMENTATION_COMMENTS = YES;
				CLANG_WARN_EMPTY_BODY = YES;
				CLANG_WARN_ENUM_CONVERSION = YES;
				CLANG_WARN_INFINITE_RECURSION = YES;
				CLANG_WARN_INT_CONVERSION = YES;
				CLANG_WARN_NON_LITERAL_NULL_CONVERSION = YES;
				CLANG_WARN_OBJC_IMPLICIT_RETAIN_SELF = YES;
				CLANG_WARN_OBJC_LITERAL_CONVERSION = YES;
				CLANG_WARN_OBJC_ROOT_CLASS = YES_ERROR;
				CLANG_WARN_QUOTED_INCLUDE_IN_FRAMEWORK_HEADER = YES;
				CLANG_WARN_RANGE_LOOP_ANALYSIS = YES;
				CLANG_WARN_STRICT_PROTOTYPES = YES;
				CLANG_WARN_SUSPICIOUS_MOVE = YES;
				CLANG_WARN_UNGUARDED_AVAILABILITY = YES_AGGRESSIVE;
				CLANG_WARN_UNREACHABLE_CODE = YES;
				CLANG_WARN__DUPLICATE_METHOD_MATCH = YES;
				COPY_PHASE_STRIP = NO;
				DEBUG_INFORMATION_FORMAT = dwarf;
				ENABLE_STRICT_OBJC_MSGSEND = YES;
				ENABLE_TESTABILITY = YES;
				GCC_C_LANGUAGE_STANDARD = gnu11;
				GCC_DYNAMIC_NO_PIC = NO;
				GCC_NO_COMMON_BLOCKS = YES;
				GCC_OPTIMIZATION_LEVEL = 0;
				GCC_PREPROCESSOR_DEFINITIONS = (
					"DEBUG=1",
					"$(inherited)",
				);
				GCC_WARN_64_TO_32_BIT_CONVERSION = YES;
				GCC_WARN_ABOUT_RETURN_TYPE = YES_ERROR;
				GCC_WARN_UNDECLARED_SELECTOR = YES;
				GCC_WARN_UNINITIALIZED_AUTOS = YES_AGGRESSIVE;
				GCC_WARN_UNUSED_FUNCTION = YES;
				GCC_WARN_UNUSED_VARIABLE = YES;
				IPHONEOS_DEPLOYMENT_TARGET = 14.0;
				MTL_ENABLE_DEBUG_INFO = INCLUDE_SOURCE;
				MTL_FAST_MATH = YES;
				ONLY_ACTIVE_ARCH = YES;
				SDKROOT = iphoneos;
				SWIFT_ACTIVE_COMPILATION_CONDITIONS = DEBUG;
				SWIFT_OPTIMIZATION_LEVEL = "-Onone";
			};
			name = Debug;
		};
		BEC151B224F6B57300CCDF50 /* Release */ = {
			isa = XCBuildConfiguration;
			buildSettings = {
				ALWAYS_SEARCH_USER_PATHS = NO;
				CLANG_ANALYZER_NONNULL = YES;
				CLANG_ANALYZER_NUMBER_OBJECT_CONVERSION = YES_AGGRESSIVE;
				CLANG_CXX_LANGUAGE_STANDARD = "gnu++14";
				CLANG_CXX_LIBRARY = "libc++";
				CLANG_ENABLE_MODULES = YES;
				CLANG_ENABLE_OBJC_ARC = YES;
				CLANG_ENABLE_OBJC_WEAK = YES;
				CLANG_WARN_BLOCK_CAPTURE_AUTORELEASING = YES;
				CLANG_WARN_BOOL_CONVERSION = YES;
				CLANG_WARN_COMMA = YES;
				CLANG_WARN_CONSTANT_CONVERSION = YES;
				CLANG_WARN_DEPRECATED_OBJC_IMPLEMENTATIONS = YES;
				CLANG_WARN_DIRECT_OBJC_ISA_USAGE = YES_ERROR;
				CLANG_WARN_DOCUMENTATION_COMMENTS = YES;
				CLANG_WARN_EMPTY_BODY = YES;
				CLANG_WARN_ENUM_CONVERSION = YES;
				CLANG_WARN_INFINITE_RECURSION = YES;
				CLANG_WARN_INT_CONVERSION = YES;
				CLANG_WARN_NON_LITERAL_NULL_CONVERSION = YES;
				CLANG_WARN_OBJC_IMPLICIT_RETAIN_SELF = YES;
				CLANG_WARN_OBJC_LITERAL_CONVERSION = YES;
				CLANG_WARN_OBJC_ROOT_CLASS = YES_ERROR;
				CLANG_WARN_QUOTED_INCLUDE_IN_FRAMEWORK_HEADER = YES;
				CLANG_WARN_RANGE_LOOP_ANALYSIS = YES;
				CLANG_WARN_STRICT_PROTOTYPES = YES;
				CLANG_WARN_SUSPICIOUS_MOVE = YES;
				CLANG_WARN_UNGUARDED_AVAILABILITY = YES_AGGRESSIVE;
				CLANG_WARN_UNREACHABLE_CODE = YES;
				CLANG_WARN__DUPLICATE_METHOD_MATCH = YES;
				COPY_PHASE_STRIP = NO;
				DEBUG_INFORMATION_FORMAT = "dwarf-with-dsym";
				ENABLE_NS_ASSERTIONS = NO;
				ENABLE_STRICT_OBJC_MSGSEND = YES;
				GCC_C_LANGUAGE_STANDARD = gnu11;
				GCC_NO_COMMON_BLOCKS = YES;
				GCC_WARN_64_TO_32_BIT_CONVERSION = YES;
				GCC_WARN_ABOUT_RETURN_TYPE = YES_ERROR;
				GCC_WARN_UNDECLARED_SELECTOR = YES;
				GCC_WARN_UNINITIALIZED_AUTOS = YES_AGGRESSIVE;
				GCC_WARN_UNUSED_FUNCTION = YES;
				GCC_WARN_UNUSED_VARIABLE = YES;
				IPHONEOS_DEPLOYMENT_TARGET = 14.0;
				MTL_ENABLE_DEBUG_INFO = NO;
				MTL_FAST_MATH = YES;
				SDKROOT = iphoneos;
				SWIFT_COMPILATION_MODE = wholemodule;
				SWIFT_OPTIMIZATION_LEVEL = "-O";
				VALIDATE_PRODUCT = YES;
			};
			name = Release;
		};
		BEC151B424F6B57300CCDF50 /* Debug */ = {
			isa = XCBuildConfiguration;
			buildSettings = {
				ASSETCATALOG_COMPILER_APPICON_NAME = AppIcon;
				ASSETCATALOG_COMPILER_GLOBAL_ACCENT_COLOR_NAME = AccentColor;
				CODE_SIGN_STYLE = Automatic;
				DEVELOPMENT_ASSET_PATHS = "\"SPMWatchExperiment/Preview Content\"";
				ENABLE_PREVIEWS = YES;
				INFOPLIST_FILE = SPMWatchExperiment/Info.plist;
				IPHONEOS_DEPLOYMENT_TARGET = 14.0;
				LD_RUNPATH_SEARCH_PATHS = (
					"$(inherited)",
					"@executable_path/Frameworks",
				);
				PRODUCT_BUNDLE_IDENTIFIER = com.example.SPMWatchExperiment;
				PRODUCT_NAME = "$(TARGET_NAME)";
				SWIFT_VERSION = 5.0;
				TARGETED_DEVICE_FAMILY = "1,2";
			};
			name = Debug;
		};
		BEC151B524F6B57300CCDF50 /* Release */ = {
			isa = XCBuildConfiguration;
			buildSettings = {
				ASSETCATALOG_COMPILER_APPICON_NAME = AppIcon;
				ASSETCATALOG_COMPILER_GLOBAL_ACCENT_COLOR_NAME = AccentColor;
				CODE_SIGN_STYLE = Automatic;
				DEVELOPMENT_ASSET_PATHS = "\"SPMWatchExperiment/Preview Content\"";
				ENABLE_PREVIEWS = YES;
				INFOPLIST_FILE = SPMWatchExperiment/Info.plist;
				IPHONEOS_DEPLOYMENT_TARGET = 14.0;
				LD_RUNPATH_SEARCH_PATHS = (
					"$(inherited)",
					"@executable_path/Frameworks",
				);
				PRODUCT_BUNDLE_IDENTIFIER = com.example.SPMWatchExperiment;
				PRODUCT_NAME = "$(TARGET_NAME)";
				SWIFT_VERSION = 5.0;
				TARGETED_DEVICE_FAMILY = "1,2";
			};
			name = Release;
		};
		BEC151B724F6B57300CCDF50 /* Debug */ = {
			isa = XCBuildConfiguration;
			buildSettings = {
				ALWAYS_EMBED_SWIFT_STANDARD_LIBRARIES = YES;
				BUNDLE_LOADER = "$(TEST_HOST)";
				CODE_SIGN_STYLE = Automatic;
				INFOPLIST_FILE = SPMWatchExperimentTests/Info.plist;
				IPHONEOS_DEPLOYMENT_TARGET = 14.0;
				LD_RUNPATH_SEARCH_PATHS = (
					"$(inherited)",
					"@executable_path/Frameworks",
					"@loader_path/Frameworks",
				);
				PRODUCT_BUNDLE_IDENTIFIER = com.example.SPMWatchExperimentTests;
				PRODUCT_NAME = "$(TARGET_NAME)";
				SWIFT_VERSION = 5.0;
				TARGETED_DEVICE_FAMILY = "1,2";
				TEST_HOST = "$(BUILT_PRODUCTS_DIR)/SPMWatchExperiment.app/SPMWatchExperiment";
			};
			name = Debug;
		};
		BEC151B824F6B57300CCDF50 /* Release */ = {
			isa = XCBuildConfiguration;
			buildSettings = {
				ALWAYS_EMBED_SWIFT_STANDARD_LIBRARIES = YES;
				BUNDLE_LOADER = "$(TEST_HOST)";
				CODE_SIGN_STYLE = Automatic;
				INFOPLIST_FILE = SPMWatchExperimentTests/Info.plist;
				IPHONEOS_DEPLOYMENT_TARGET = 14.0;
				LD_RUNPATH_SEARCH_PATHS = (
					"$(inherited)",
					"@executable_path/Frameworks",
					"@loader_path/Frameworks",
				);
				PRODUCT_BUNDLE_IDENTIFIER = com.example.SPMWatchExperimentTests;
				PRODUCT_NAME = "$(TARGET_NAME)";
				SWIFT_VERSION = 5.0;
				TARGETED_DEVICE_FAMILY = "1,2";
				TEST_HOST = "$(BUILT_PRODUCTS_DIR)/SPMWatchExperiment.app/SPMWatchExperiment";
			};
			name = Release;
		};
		BEC151BA24F6B57300CCDF50 /* Debug */ = {
			isa = XCBuildConfiguration;
			buildSettings = {
				ALWAYS_EMBED_SWIFT_STANDARD_LIBRARIES = YES;
				CODE_SIGN_STYLE = Automatic;
				INFOPLIST_FILE = SPMWatchExperimentUITests/Info.plist;
				LD_RUNPATH_SEARCH_PATHS = (
					"$(inherited)",
					"@executable_path/Frameworks",
					"@loader_path/Frameworks",
				);
				PRODUCT_BUNDLE_IDENTIFIER = com.example.SPMWatchExperimentUITests;
				PRODUCT_NAME = "$(TARGET_NAME)";
				SWIFT_VERSION = 5.0;
				TARGETED_DEVICE_FAMILY = "1,2";
				TEST_TARGET_NAME = SPMWatchExperiment;
			};
			name = Debug;
		};
		BEC151BB24F6B57300CCDF50 /* Release */ = {
			isa = XCBuildConfiguration;
			buildSettings = {
				ALWAYS_EMBED_SWIFT_STANDARD_LIBRARIES = YES;
				CODE_SIGN_STYLE = Automatic;
				INFOPLIST_FILE = SPMWatchExperimentUITests/Info.plist;
				LD_RUNPATH_SEARCH_PATHS = (
					"$(inherited)",
					"@executable_path/Frameworks",
					"@loader_path/Frameworks",
				);
				PRODUCT_BUNDLE_IDENTIFIER = com.example.SPMWatchExperimentUITests;
				PRODUCT_NAME = "$(TARGET_NAME)";
				SWIFT_VERSION = 5.0;
				TARGETED_DEVICE_FAMILY = "1,2";
				TEST_TARGET_NAME = SPMWatchExperiment;
			};
			name = Release;
		};
		BEC151E324F6B68D00CCDF50 /* Debug */ = {
			isa = XCBuildConfiguration;
			buildSettings = {
				ASSETCATALOG_COMPILER_COMPLICATION_NAME = Complication;
				CODE_SIGN_STYLE = Automatic;
				DEVELOPMENT_ASSET_PATHS = "\"WatchApp WatchKit Extension/Preview Content\"";
				ENABLE_PREVIEWS = YES;
				INFOPLIST_FILE = "WatchApp WatchKit Extension/Info.plist";
				LD_RUNPATH_SEARCH_PATHS = (
					"$(inherited)",
					"@executable_path/Frameworks",
					"@executable_path/../../Frameworks",
				);
				PRODUCT_BUNDLE_IDENTIFIER = com.example.WatchApp.watchkitapp.watchkitextension;
				PRODUCT_NAME = "${TARGET_NAME}";
				SDKROOT = watchos;
				SKIP_INSTALL = YES;
				SWIFT_VERSION = 5.0;
				TARGETED_DEVICE_FAMILY = 4;
				WATCHOS_DEPLOYMENT_TARGET = 7.0;
			};
			name = Debug;
		};
		BEC151E424F6B68D00CCDF50 /* Release */ = {
			isa = XCBuildConfiguration;
			buildSettings = {
				ASSETCATALOG_COMPILER_COMPLICATION_NAME = Complication;
				CODE_SIGN_STYLE = Automatic;
				DEVELOPMENT_ASSET_PATHS = "\"WatchApp WatchKit Extension/Preview Content\"";
				ENABLE_PREVIEWS = YES;
				INFOPLIST_FILE = "WatchApp WatchKit Extension/Info.plist";
				LD_RUNPATH_SEARCH_PATHS = (
					"$(inherited)",
					"@executable_path/Frameworks",
					"@executable_path/../../Frameworks",
				);
				PRODUCT_BUNDLE_IDENTIFIER = com.example.WatchApp.watchkitapp.watchkitextension;
				PRODUCT_NAME = "${TARGET_NAME}";
				SDKROOT = watchos;
				SKIP_INSTALL = YES;
				SWIFT_VERSION = 5.0;
				TARGETED_DEVICE_FAMILY = 4;
				WATCHOS_DEPLOYMENT_TARGET = 7.0;
			};
			name = Release;
		};
		BEC151E724F6B68D00CCDF50 /* Debug */ = {
			isa = XCBuildConfiguration;
			buildSettings = {
				ALWAYS_EMBED_SWIFT_STANDARD_LIBRARIES = YES;
				ASSETCATALOG_COMPILER_APPICON_NAME = AppIcon;
				ASSETCATALOG_COMPILER_GLOBAL_ACCENT_COLOR_NAME = AccentColor;
				CODE_SIGN_STYLE = Automatic;
				IBSC_MODULE = WatchApp_WatchKit_Extension;
				INFOPLIST_FILE = "WatchApp WatchKit App/Info.plist";
				PRODUCT_BUNDLE_IDENTIFIER = com.example.WatchApp.watchkitapp;
				PRODUCT_NAME = "$(TARGET_NAME)";
				SDKROOT = watchos;
				SKIP_INSTALL = YES;
				SWIFT_VERSION = 5.0;
				TARGETED_DEVICE_FAMILY = 4;
				WATCHOS_DEPLOYMENT_TARGET = 7.0;
			};
			name = Debug;
		};
		BEC151E824F6B68D00CCDF50 /* Release */ = {
			isa = XCBuildConfiguration;
			buildSettings = {
				ALWAYS_EMBED_SWIFT_STANDARD_LIBRARIES = YES;
				ASSETCATALOG_COMPILER_APPICON_NAME = AppIcon;
				ASSETCATALOG_COMPILER_GLOBAL_ACCENT_COLOR_NAME = AccentColor;
				CODE_SIGN_STYLE = Automatic;
				IBSC_MODULE = WatchApp_WatchKit_Extension;
				INFOPLIST_FILE = "WatchApp WatchKit App/Info.plist";
				PRODUCT_BUNDLE_IDENTIFIER = com.example.WatchApp.watchkitapp;
				PRODUCT_NAME = "$(TARGET_NAME)";
				SDKROOT = watchos;
				SKIP_INSTALL = YES;
				SWIFT_VERSION = 5.0;
				TARGETED_DEVICE_FAMILY = 4;
				WATCHOS_DEPLOYMENT_TARGET = 7.0;
			};
			name = Release;
		};
		BEC151EB24F6B68D00CCDF50 /* Debug */ = {
			isa = XCBuildConfiguration;
			buildSettings = {
				CODE_SIGN_STYLE = Automatic;
				CURRENT_PROJECT_VERSION = 1;
				MARKETING_VERSION = 1.0;
				PRODUCT_BUNDLE_IDENTIFIER = com.example.WatchApp;
				PRODUCT_NAME = "$(TARGET_NAME)";
				SWIFT_VERSION = 5.0;
			};
			name = Debug;
		};
		BEC151EC24F6B68D00CCDF50 /* Release */ = {
			isa = XCBuildConfiguration;
			buildSettings = {
				CODE_SIGN_STYLE = Automatic;
				CURRENT_PROJECT_VERSION = 1;
				MARKETING_VERSION = 1.0;
				PRODUCT_BUNDLE_IDENTIFIER = com.example.WatchApp;
				PRODUCT_NAME = "$(TARGET_NAME)";
				SWIFT_VERSION = 5.0;
			};
			name = Release;
		};
/* End XCBuildConfiguration section */

/* Begin XCConfigurationList section */
		BEC1518924F6B57000CCDF50 /* Build configuration list for PBXProject "SPMWatchExperiment" */ = {
			isa = XCConfigurationList;
			buildConfigurations = (
				BEC151B124F6B57300CCDF50 /* Debug */,
				BEC151B224F6B57300CCDF50 /* Release */,
			);
			defaultConfigurationIsVisible = 0;
			defaultConfigurationName = Release;
		};
		BEC151B324F6B57300CCDF50 /* Build configuration list for PBXNativeTarget "SPMWatchExperiment" */ = {
			isa = XCConfigurationList;
			buildConfigurations = (
				BEC151B424F6B57300CCDF50 /* Debug */,
				BEC151B524F6B57300CCDF50 /* Release */,
			);
			defaultConfigurationIsVisible = 0;
			defaultConfigurationName = Release;
		};
		BEC151B624F6B57300CCDF50 /* Build configuration list for PBXNativeTarget "SPMWatchExperimentTests" */ = {
			isa = XCConfigurationList;
			buildConfigurations = (
				BEC151B724F6B57300CCDF50 /* Debug */,
				BEC151B824F6B57300CCDF50 /* Release */,
			);
			defaultConfigurationIsVisible = 0;
			defaultConfigurationName = Release;
		};
		BEC151B924F6B57300CCDF50 /* Build configuration list for PBXNativeTarget "SPMWatchExperimentUITests" */ = {
			isa = XCConfigurationList;
			buildConfigurations = (
				BEC151BA24F6B57300CCDF50 /* Debug */,
				BEC151BB24F6B57300CCDF50 /* Release */,
			);
			defaultConfigurationIsVisible = 0;
			defaultConfigurationName = Release;
		};
		BEC151E224F6B68D00CCDF50 /* Build configuration list for PBXNativeTarget "WatchApp WatchKit Extension" */ = {
			isa = XCConfigurationList;
			buildConfigurations = (
				BEC151E324F6B68D00CCDF50 /* Debug */,
				BEC151E424F6B68D00CCDF50 /* Release */,
			);
			defaultConfigurationIsVisible = 0;
			defaultConfigurationName = Release;
		};
		BEC151E624F6B68D00CCDF50 /* Build configuration list for PBXNativeTarget "WatchApp WatchKit App" */ = {
			isa = XCConfigurationList;
			buildConfigurations = (
				BEC151E724F6B68D00CCDF50 /* Debug */,
				BEC151E824F6B68D00CCDF50 /* Release */,
			);
			defaultConfigurationIsVisible = 0;
			defaultConfigurationName = Release;
		};
		BEC151EA24F6B68D00CCDF50 /* Build configuration list for PBXNativeTarget "WatchApp" */ = {
			isa = XCConfigurationList;
			buildConfigurations = (
				BEC151EB24F6B68D00CCDF50 /* Debug */,
				BEC151EC24F6B68D00CCDF50 /* Release */,
			);
			defaultConfigurationIsVisible = 0;
			defaultConfigurationName = Release;
		};
/* End XCConfigurationList section */

/* Begin XCSwiftPackageProductDependency section */
		BE6403B724F6B71500D0C98D /* ExperimentPackage */ = {
			isa = XCSwiftPackageProductDependency;
			productName = ExperimentPackage;
		};
		BEC151BE24F6B62E00CCDF50 /* ExperimentPackage */ = {
			isa = XCSwiftPackageProductDependency;
			productName = ExperimentPackage;
		};
/* End XCSwiftPackageProductDependency section */
	};
	rootObject = BEC1518624F6B57000CCDF50 /* Project object */;
}
